
Microsoft Visual Studio Solution File, Format Version 12.00
# Visual Studio Version 17
VisualStudioVersion = 17.13.35913.81 d17.13
MinimumVisualStudioVersion = 10.0.40219.1
Project("{FAE04EC0-301F-11D3-BF4B-00C04F79EFBC}") = "Proyecto-PED", "Proyecto-PED\Proyecto-PED.csproj", "{351C3022-9B87-4A85-AF9B-91A61AEC2167}"
EndProject
Global
	GlobalSection(SolutionConfigurationPlatforms) = preSolution
		Debug|Any CPU = Debug|Any CPU
		Release|Any CPU = Release|Any CPU
	EndGlobalSection
	GlobalSection(ProjectConfigurationPlatforms) = postSolution
		{351C3022-9B87-4A85-AF9B-91A61AEC2167}.Debug|Any CPU.ActiveCfg = Debug|Any CPU
		{351C3022-9B87-4A85-AF9B-91A61AEC2167}.Debug|Any CPU.Build.0 = Debug|Any CPU
		{351C3022-9B87-4A85-AF9B-91A61AEC2167}.Release|Any CPU.ActiveCfg = Release|Any CPU
		{351C3022-9B87-4A85-AF9B-91A61AEC2167}.Release|Any CPU.Build.0 = Release|Any CPU
	EndGlobalSection
	GlobalSection(SolutionProperties) = preSolution
		HideSolutionNode = FALSE
	EndGlobalSection
	GlobalSection(ExtensibilityGlobals) = postSolution
		SolutionGuid = {11F19EE5-4C7F-443E-AA5E-0C2F430A4C7E}
	EndGlobalSection
EndGlobal
